// !$*UTF8*$!
{
	archiveVersion = 1;
	classes = {
	};
	objectVersion = 50;
	objects = {

/* Begin PBXBuildFile section */
		AF6CFA6F246CF2B700A0CC50 /* main.swift in Sources */ = {isa = PBXBuildFile; fileRef = AF6CFA6E246CF2B700A0CC50 /* main.swift */; };
		AF6CFA76246E359600A0CC50 /* addTwoNumbers.swift in Sources */ = {isa = PBXBuildFile; fileRef = AF6CFA75246E359600A0CC50 /* addTwoNumbers.swift */; };
		AF6CFA78246E35C700A0CC50 /* ListNode.swift in Sources */ = {isa = PBXBuildFile; fileRef = AF6CFA77246E35C700A0CC50 /* ListNode.swift */; };
		AF6CFA86246E3E2000A0CC50 /* longestSubstringWithoutRepeatingCharacters.swift in Sources */ = {isa = PBXBuildFile; fileRef = AF6CFA85246E3E2000A0CC50 /* longestSubstringWithoutRepeatingCharacters.swift */; };
		AF6CFA88246E54F700A0CC50 /* twoSum.swift in Sources */ = {isa = PBXBuildFile; fileRef = AF6CFA87246E54F700A0CC50 /* twoSum.swift */; };
		AF9D9D69248799C3008674AD /* productExceptSelf.swift in Sources */ = {isa = PBXBuildFile; fileRef = AF9D9D68248799C3008674AD /* productExceptSelf.swift */; };
		AF9D9D6B2489F3F2008674AD /* spiralOrder.swift in Sources */ = {isa = PBXBuildFile; fileRef = AF9D9D6A2489F3F2008674AD /* spiralOrder.swift */; };
/* End PBXBuildFile section */

/* Begin PBXCopyFilesBuildPhase section */
		AF6CFA69246CF2B700A0CC50 /* CopyFiles */ = {
			isa = PBXCopyFilesBuildPhase;
			buildActionMask = 2147483647;
			dstPath = /usr/share/man/man1/;
			dstSubfolderSpec = 0;
			files = (
			);
			runOnlyForDeploymentPostprocessing = 1;
		};
/* End PBXCopyFilesBuildPhase section */

/* Begin PBXFileReference section */
		AF6CFA6B246CF2B700A0CC50 /* LeetcodeDemo */ = {isa = PBXFileReference; explicitFileType = "compiled.mach-o.executable"; includeInIndex = 0; path = LeetcodeDemo; sourceTree = BUILT_PRODUCTS_DIR; };
		AF6CFA6E246CF2B700A0CC50 /* main.swift */ = {isa = PBXFileReference; lastKnownFileType = sourcecode.swift; path = main.swift; sourceTree = "<group>"; };
		AF6CFA75246E359600A0CC50 /* addTwoNumbers.swift */ = {isa = PBXFileReference; lastKnownFileType = sourcecode.swift; path = addTwoNumbers.swift; sourceTree = "<group>"; };
		AF6CFA77246E35C700A0CC50 /* ListNode.swift */ = {isa = PBXFileReference; lastKnownFileType = sourcecode.swift; path = ListNode.swift; sourceTree = "<group>"; };
		AF6CFA85246E3E2000A0CC50 /* longestSubstringWithoutRepeatingCharacters.swift */ = {isa = PBXFileReference; lastKnownFileType = sourcecode.swift; path = longestSubstringWithoutRepeatingCharacters.swift; sourceTree = "<group>"; };
		AF6CFA87246E54F700A0CC50 /* twoSum.swift */ = {isa = PBXFileReference; lastKnownFileType = sourcecode.swift; path = twoSum.swift; sourceTree = "<group>"; };
		AF9D9D68248799C3008674AD /* productExceptSelf.swift */ = {isa = PBXFileReference; lastKnownFileType = sourcecode.swift; path = productExceptSelf.swift; sourceTree = "<group>"; };
		AF9D9D6A2489F3F2008674AD /* spiralOrder.swift */ = {isa = PBXFileReference; lastKnownFileType = sourcecode.swift; path = spiralOrder.swift; sourceTree = "<group>"; };
/* End PBXFileReference section */

/* Begin PBXFrameworksBuildPhase section */
		AF6CFA68246CF2B700A0CC50 /* Frameworks */ = {
			isa = PBXFrameworksBuildPhase;
			buildActionMask = 2147483647;
			files = (
			);
			runOnlyForDeploymentPostprocessing = 0;
		};
/* End PBXFrameworksBuildPhase section */

/* Begin PBXGroup section */
		AF6CFA62246CF2B700A0CC50 = {
			isa = PBXGroup;
			children = (
				AF6CFA6D246CF2B700A0CC50 /* LeetcodeDemo */,
				AF6CFA6C246CF2B700A0CC50 /* Products */,
			);
			sourceTree = "<group>";
		};
		AF6CFA6C246CF2B700A0CC50 /* Products */ = {
			isa = PBXGroup;
			children = (
				AF6CFA6B246CF2B700A0CC50 /* LeetcodeDemo */,
			);
			name = Products;
			sourceTree = "<group>";
		};
		AF6CFA6D246CF2B700A0CC50 /* LeetcodeDemo */ = {
			isa = PBXGroup;
			children = (
				AF6CFA6E246CF2B700A0CC50 /* main.swift */,
				AF6CFA77246E35C700A0CC50 /* ListNode.swift */,
				AF6CFA87246E54F700A0CC50 /* twoSum.swift */,
				AF6CFA75246E359600A0CC50 /* addTwoNumbers.swift */,
				AF6CFA85246E3E2000A0CC50 /* longestSubstringWithoutRepeatingCharacters.swift */,
				AF9D9D68248799C3008674AD /* productExceptSelf.swift */,
				AF9D9D6A2489F3F2008674AD /* spiralOrder.swift */,
			);
			path = LeetcodeDemo;
			sourceTree = "<group>";
		};
/* End PBXGroup section */

/* Begin PBXNativeTarget section */
		AF6CFA6A246CF2B700A0CC50 /* LeetcodeDemo */ = {
			isa = PBXNativeTarget;
			buildConfigurationList = AF6CFA72246CF2B700A0CC50 /* Build configuration list for PBXNativeTarget "LeetcodeDemo" */;
			buildPhases = (
				AF6CFA67246CF2B700A0CC50 /* Sources */,
				AF6CFA68246CF2B700A0CC50 /* Frameworks */,
				AF6CFA69246CF2B700A0CC50 /* CopyFiles */,
			);
			buildRules = (
			);
			dependencies = (
			);
			name = LeetcodeDemo;
			productName = LeetcodeDemo;
			productReference = AF6CFA6B246CF2B700A0CC50 /* LeetcodeDemo */;
			productType = "com.apple.product-type.tool";
		};
/* End PBXNativeTarget section */

/* Begin PBXProject section */
		AF6CFA63246CF2B700A0CC50 /* Project object */ = {
			isa = PBXProject;
			attributes = {
				LastSwiftUpdateCheck = 1140;
				LastUpgradeCheck = 1140;
				ORGANIZATIONNAME = zhiliang;
				TargetAttributes = {
					AF6CFA6A246CF2B700A0CC50 = {
						CreatedOnToolsVersion = 11.4;
					};
				};
			};
			buildConfigurationList = AF6CFA66246CF2B700A0CC50 /* Build configuration list for PBXProject "LeetcodeDemo" */;
			compatibilityVersion = "Xcode 9.3";
			developmentRegion = en;
			hasScannedForEncodings = 0;
			knownRegions = (
				en,
				Base,
			);
			mainGroup = AF6CFA62246CF2B700A0CC50;
			productRefGroup = AF6CFA6C246CF2B700A0CC50 /* Products */;
			projectDirPath = "";
			projectRoot = "";
			targets = (
				AF6CFA6A246CF2B700A0CC50 /* LeetcodeDemo */,
			);
		};
/* End PBXProject section */

/* Begin PBXSourcesBuildPhase section */
		AF6CFA67246CF2B700A0CC50 /* Sources */ = {
			isa = PBXSourcesBuildPhase;
			buildActionMask = 2147483647;
			files = (
				AF9D9D69248799C3008674AD /* productExceptSelf.swift in Sources */,
				AF6CFA6F246CF2B700A0CC50 /* main.swift in Sources */,
				AF6CFA88246E54F700A0CC50 /* twoSum.swift in Sources */,
				AF6CFA76246E359600A0CC50 /* addTwoNumbers.swift in Sources */,
				AF6CFA78246E35C700A0CC50 /* ListNode.swift in Sources */,
				AF6CFA86246E3E2000A0CC50 /* longestSubstringWithoutRepeatingCharacters.swift in Sources */,
				AF9D9D6B2489F3F2008674AD /* spiralOrder.swift in Sources */,
			);
			runOnlyForDeploymentPostprocessing = 0;
		};
/* End PBXSourcesBuildPhase section */

/* Begin XCBuildConfiguration section */
		AF6CFA70246CF2B700A0CC50 /* Debug */ = {
			isa = XCBuildConfiguration;
			buildSettings = {
				ALWAYS_SEARCH_USER_PATHS = NO;
				CLANG_ANALYZER_NONNULL = YES;
				CLANG_ANALYZER_NUMBER_OBJECT_CONVERSION = YES_AGGRESSIVE;
				CLANG_CXX_LANGUAGE_STANDARD = "gnu++14";
				CLANG_CXX_LIBRARY = "libc++";
				CLANG_ENABLE_MODULES = YES;
				CLANG_ENABLE_OBJC_ARC = YES;
				CLANG_ENABLE_OBJC_WEAK = YES;
				CLANG_WARN_BLOCK_CAPTURE_AUTORELEASING = YES;
				CLANG_WARN_BOOL_CONVERSION = YES;
				CLANG_WARN_COMMA = YES;
				CLANG_WARN_CONSTANT_CONVERSION = YES;
				CLANG_WARN_DEPRECATED_OBJC_IMPLEMENTATIONS = YES;
				CLANG_WARN_DIRECT_OBJC_ISA_USAGE = YES_ERROR;
				CLANG_WARN_DOCUMENTATION_COMMENTS = YES;
				CLANG_WARN_EMPTY_BODY = YES;
				CLANG_WARN_ENUM_CONVERSION = YES;
				CLANG_WARN_INFINITE_RECURSION = YES;
				CLANG_WARN_INT_CONVERSION = YES;
				CLANG_WARN_NON_LITERAL_NULL_CONVERSION = YES;
				CLANG_WARN_OBJC_IMPLICIT_RETAIN_SELF = YES;
				CLANG_WARN_OBJC_LITERAL_CONVERSION = YES;
				CLANG_WARN_OBJC_ROOT_CLASS = YES_ERROR;
				CLANG_WARN_RANGE_LOOP_ANALYSIS = YES;
				CLANG_WARN_STRICT_PROTOTYPES = YES;
				CLANG_WARN_SUSPICIOUS_MOVE = YES;
				CLANG_WARN_UNGUARDED_AVAILABILITY = YES_AGGRESSIVE;
				CLANG_WARN_UNREACHABLE_CODE = YES;
				CLANG_WARN__DUPLICATE_METHOD_MATCH = YES;
				COPY_PHASE_STRIP = NO;
				DEBUG_INFORMATION_FORMAT = dwarf;
				ENABLE_STRICT_OBJC_MSGSEND = YES;
				ENABLE_TESTABILITY = YES;
				GCC_C_LANGUAGE_STANDARD = gnu11;
				GCC_DYNAMIC_NO_PIC = NO;
				GCC_NO_COMMON_BLOCKS = YES;
				GCC_OPTIMIZATION_LEVEL = 0;
				GCC_PREPROCESSOR_DEFINITIONS = (
					"DEBUG=1",
					"$(inherited)",
				);
				GCC_WARN_64_TO_32_BIT_CONVERSION = YES;
				GCC_WARN_ABOUT_RETURN_TYPE = YES_ERROR;
				GCC_WARN_UNDECLARED_SELECTOR = YES;
				GCC_WARN_UNINITIALIZED_AUTOS = YES_AGGRESSIVE;
				GCC_WARN_UNUSED_FUNCTION = YES;
				GCC_WARN_UNUSED_VARIABLE = YES;
				MACOSX_DEPLOYMENT_TARGET = 10.15;
				MTL_ENABLE_DEBUG_INFO = INCLUDE_SOURCE;
				MTL_FAST_MATH = YES;
				ONLY_ACTIVE_ARCH = YES;
				SDKROOT = macosx;
				SWIFT_ACTIVE_COMPILATION_CONDITIONS = DEBUG;
				SWIFT_OPTIMIZATION_LEVEL = "-Onone";
			};
			name = Debug;
		};
		AF6CFA71246CF2B700A0CC50 /* Release */ = {
			isa = XCBuildConfiguration;
			buildSettings = {
				ALWAYS_SEARCH_USER_PATHS = NO;
				CLANG_ANALYZER_NONNULL = YES;
				CLANG_ANALYZER_NUMBER_OBJECT_CONVERSION = YES_AGGRESSIVE;
				CLANG_CXX_LANGUAGE_STANDARD = "gnu++14";
				CLANG_CXX_LIBRARY = "libc++";
				CLANG_ENABLE_MODULES = YES;
				CLANG_ENABLE_OBJC_ARC = YES;
				CLANG_ENABLE_OBJC_WEAK = YES;
				CLANG_WARN_BLOCK_CAPTURE_AUTORELEASING = YES;
				CLANG_WARN_BOOL_CONVERSION = YES;
				CLANG_WARN_COMMA = YES;
				CLANG_WARN_CONSTANT_CONVERSION = YES;
				CLANG_WARN_DEPRECATED_OBJC_IMPLEMENTATIONS = YES;
				CLANG_WARN_DIRECT_OBJC_ISA_USAGE = YES_ERROR;
				CLANG_WARN_DOCUMENTATION_COMMENTS = YES;
				CLANG_WARN_EMPTY_BODY = YES;
				CLANG_WARN_ENUM_CONVERSION = YES;
				CLANG_WARN_INFINITE_RECURSION = YES;
				CLANG_WARN_INT_CONVERSION = YES;
				CLANG_WARN_NON_LITERAL_NULL_CONVERSION = YES;
				CLANG_WARN_OBJC_IMPLICIT_RETAIN_SELF = YES;
				CLANG_WARN_OBJC_LITERAL_CONVERSION = YES;
				CLANG_WARN_OBJC_ROOT_CLASS = YES_ERROR;
				CLANG_WARN_RANGE_LOOP_ANALYSIS = YES;
				CLANG_WARN_STRICT_PROTOTYPES = YES;
				CLANG_WARN_SUSPICIOUS_MOVE = YES;
				CLANG_WARN_UNGUARDED_AVAILABILITY = YES_AGGRESSIVE;
				CLANG_WARN_UNREACHABLE_CODE = YES;
				CLANG_WARN__DUPLICATE_METHOD_MATCH = YES;
				COPY_PHASE_STRIP = NO;
				DEBUG_INFORMATION_FORMAT = "dwarf-with-dsym";
				ENABLE_NS_ASSERTIONS = NO;
				ENABLE_STRICT_OBJC_MSGSEND = YES;
				GCC_C_LANGUAGE_STANDARD = gnu11;
				GCC_NO_COMMON_BLOCKS = YES;
				GCC_WARN_64_TO_32_BIT_CONVERSION = YES;
				GCC_WARN_ABOUT_RETURN_TYPE = YES_ERROR;
				GCC_WARN_UNDECLARED_SELECTOR = YES;
				GCC_WARN_UNINITIALIZED_AUTOS = YES_AGGRESSIVE;
				GCC_WARN_UNUSED_FUNCTION = YES;
				GCC_WARN_UNUSED_VARIABLE = YES;
				MACOSX_DEPLOYMENT_TARGET = 10.15;
				MTL_ENABLE_DEBUG_INFO = NO;
				MTL_FAST_MATH = YES;
				SDKROOT = macosx;
				SWIFT_COMPILATION_MODE = wholemodule;
				SWIFT_OPTIMIZATION_LEVEL = "-O";
			};
			name = Release;
		};
		AF6CFA73246CF2B700A0CC50 /* Debug */ = {
			isa = XCBuildConfiguration;
			buildSettings = {
				CODE_SIGN_STYLE = Automatic;
				DEVELOPMENT_TEAM = 6AS4N82Q9E;
				ENABLE_HARDENED_RUNTIME = YES;
				PRODUCT_NAME = "$(TARGET_NAME)";
				SWIFT_VERSION = 5.0;
			};
			name = Debug;
		};
		AF6CFA74246CF2B700A0CC50 /* Release */ = {
			isa = XCBuildConfiguration;
			buildSettings = {
				CODE_SIGN_STYLE = Automatic;
				DEVELOPMENT_TEAM = 6AS4N82Q9E;
				ENABLE_HARDENED_RUNTIME = YES;
				PRODUCT_NAME = "$(TARGET_NAME)";
				SWIFT_VERSION = 5.0;
			};
			name = Release;
		};
/* End XCBuildConfiguration section */

/* Begin XCConfigurationList section */
		AF6CFA66246CF2B700A0CC50 /* Build configuration list for PBXProject "LeetcodeDemo" */ = {
			isa = XCConfigurationList;
			buildConfigurations = (
				AF6CFA70246CF2B700A0CC50 /* Debug */,
				AF6CFA71246CF2B700A0CC50 /* Release */,
			);
			defaultConfigurationIsVisible = 0;
			defaultConfigurationName = Release;
		};
		AF6CFA72246CF2B700A0CC50 /* Build configuration list for PBXNativeTarget "LeetcodeDemo" */ = {
			isa = XCConfigurationList;
			buildConfigurations = (
				AF6CFA73246CF2B700A0CC50 /* Debug */,
				AF6CFA74246CF2B700A0CC50 /* Release */,
			);
			defaultConfigurationIsVisible = 0;
			defaultConfigurationName = Release;
		};
/* End XCConfigurationList section */
	};
	rootObject = AF6CFA63246CF2B700A0CC50 /* Project object */;
}
